
Microsoft Visual Studio Solution File, Format Version 12.00
# Visual Studio Version 17
VisualStudioVersion = 17.3.32811.315
MinimumVisualStudioVersion = 10.0.40219.1
Project("{9A19103F-16F7-4668-BE54-9A1E7A4F7556}") = "FEFU-Quest", "FEFU-Quest\FEFU-Quest.csproj", "{B1C16EE6-1B0D-4050-AAAC-068E7D4F663C}"
EndProject
Project("{9A19103F-16F7-4668-BE54-9A1E7A4F7556}") = "FEFU_Quest.SQlite", "FEFU_Quest.SQlite\FEFU_Quest.SQlite.csproj", "{4C87361F-854D-408C-A796-BF62919C0E0D}"
EndProject
Project("{9A19103F-16F7-4668-BE54-9A1E7A4F7556}") = "FEFU_Quest.Domain", "FEFU_Quest.Domain\FEFU_Quest.Domain.csproj", "{486D495B-04B3-4F1A-8C84-175E0B0036B3}"
EndProject
Global
	GlobalSection(SolutionConfigurationPlatforms) = preSolution
		Debug|Any CPU = Debug|Any CPU
		Release|Any CPU = Release|Any CPU
	EndGlobalSection
	GlobalSection(ProjectConfigurationPlatforms) = postSolution
		{B1C16EE6-1B0D-4050-AAAC-068E7D4F663C}.Debug|Any CPU.ActiveCfg = Debug|Any CPU
		{B1C16EE6-1B0D-4050-AAAC-068E7D4F663C}.Debug|Any CPU.Build.0 = Debug|Any CPU
		{B1C16EE6-1B0D-4050-AAAC-068E7D4F663C}.Release|Any CPU.ActiveCfg = Release|Any CPU
		{B1C16EE6-1B0D-4050-AAAC-068E7D4F663C}.Release|Any CPU.Build.0 = Release|Any CPU
		{4C87361F-854D-408C-A796-BF62919C0E0D}.Debug|Any CPU.ActiveCfg = Debug|Any CPU
		{4C87361F-854D-408C-A796-BF62919C0E0D}.Debug|Any CPU.Build.0 = Debug|Any CPU
		{4C87361F-854D-408C-A796-BF62919C0E0D}.Release|Any CPU.ActiveCfg = Release|Any CPU
		{4C87361F-854D-408C-A796-BF62919C0E0D}.Release|Any CPU.Build.0 = Release|Any CPU
		{486D495B-04B3-4F1A-8C84-175E0B0036B3}.Debug|Any CPU.ActiveCfg = Debug|Any CPU
		{486D495B-04B3-4F1A-8C84-175E0B0036B3}.Debug|Any CPU.Build.0 = Debug|Any CPU
		{486D495B-04B3-4F1A-8C84-175E0B0036B3}.Release|Any CPU.ActiveCfg = Release|Any CPU
		{486D495B-04B3-4F1A-8C84-175E0B0036B3}.Release|Any CPU.Build.0 = Release|Any CPU
	EndGlobalSection
	GlobalSection(SolutionProperties) = preSolution
		HideSolutionNode = FALSE
	EndGlobalSection
	GlobalSection(ExtensibilityGlobals) = postSolution
		SolutionGuid = {37ABFC62-9E3C-4F3E-904A-CE154094AD92}
	EndGlobalSection
EndGlobal
